
Microsoft Visual Studio Solution File, Format Version 12.00
# Visual Studio Version 17
VisualStudioVersion = 17.8.34309.116
MinimumVisualStudioVersion = 10.0.40219.1
Project("{FAE04EC0-301F-11D3-BF4B-00C04F79EFBC}") = "APIDemo_VG_Start", "APIDemo_VG_Start\APIDemo_VG_Start.csproj", "{D259FD48-608B-40C4-8618-F8B6AD82F529}"
EndProject
Global
	GlobalSection(SolutionConfigurationPlatforms) = preSolution
		Debug|Any CPU = Debug|Any CPU
		Release|Any CPU = Release|Any CPU
	EndGlobalSection
	GlobalSection(ProjectConfigurationPlatforms) = postSolution
		{D259FD48-608B-40C4-8618-F8B6AD82F529}.Debug|Any CPU.ActiveCfg = Debug|Any CPU
		{D259FD48-608B-40C4-8618-F8B6AD82F529}.Debug|Any CPU.Build.0 = Debug|Any CPU
		{D259FD48-608B-40C4-8618-F8B6AD82F529}.Release|Any CPU.ActiveCfg = Release|Any CPU
		{D259FD48-608B-40C4-8618-F8B6AD82F529}.Release|Any CPU.Build.0 = Release|Any CPU
	EndGlobalSection
	GlobalSection(SolutionProperties) = preSolution
		HideSolutionNode = FALSE
	EndGlobalSection
	GlobalSection(ExtensibilityGlobals) = postSolution
		SolutionGuid = {F7BF5F55-5430-4F58-98E6-7E537648955F}
	EndGlobalSection
EndGlobal
